PODS:
  - AlignedCollectionViewFlowLayout (1.1.2)
  - SnapKit (5.6.0)

DEPENDENCIES:
  - AlignedCollectionViewFlowLayout
  - SnapKit (= 5.6.0)

SPEC REPOS:
  trunk:
    - AlignedCollectionViewFlowLayout
    - SnapKit

SPEC CHECKSUMS:
  AlignedCollectionViewFlowLayout: ee2ef451e741ec08f8e0967d828001e2f051c20a
  SnapKit: e01d52ebb8ddbc333eefe2132acf85c8227d9c25

PODFILE CHECKSUM: 090e8f9c11bb928dfbc1e6db4b9c857805bd50a0

COCOAPODS: 1.11.3
