PODS:
  - Kingfisher (7.3.2)
  - SnapKit (5.6.0)

DEPENDENCIES:
  - Kingfisher (= 7.3.2)
  - SnapKit (= 5.6.0)

SPEC REPOS:
  trunk:
    - Kingfisher
    - SnapKit

SPEC CHECKSUMS:
  Kingfisher: 0086ad83719761ba9b2cdaf6ef4d5b4878cbae23
  SnapKit: e01d52ebb8ddbc333eefe2132acf85c8227d9c25

PODFILE CHECKSUM: 1026fa201d502de13772429daad9ac4a39166c4e

COCOAPODS: 1.11.3
