// !$*UTF8*$!
{
	archiveVersion = 1;
	classes = {
	};
	objectVersion = 55;
	objects = {

/* Begin PBXBuildFile section */
		53082571292F92BE0088877A /* SFPRODISPLAYREGULAR.OTF in Resources */ = {isa = PBXBuildFile; fileRef = 5308256F292F92BD0088877A /* SFPRODISPLAYREGULAR.OTF */; };
		53082572292F92BE0088877A /* SFPRODISPLAYMEDIUM.OTF in Resources */ = {isa = PBXBuildFile; fileRef = 53082570292F92BE0088877A /* SFPRODISPLAYMEDIUM.OTF */; };
		53082575292FD5570088877A /* Constants.swift in Sources */ = {isa = PBXBuildFile; fileRef = 53082574292FD5570088877A /* Constants.swift */; };
		53082577292FD5AF0088877A /* SetProductProtocol.swift in Sources */ = {isa = PBXBuildFile; fileRef = 53082576292FD5AF0088877A /* SetProductProtocol.swift */; };
		53082579292FD6100088877A /* Product.swift in Sources */ = {isa = PBXBuildFile; fileRef = 53082578292FD6100088877A /* Product.swift */; };
		5342A2D5292CE7AD00E8EA10 /* CustomCVCell.swift in Sources */ = {isa = PBXBuildFile; fileRef = 5342A2D4292CE7AD00E8EA10 /* CustomCVCell.swift */; };
		536371962927D62500EFDBA0 /* AppDelegate.swift in Sources */ = {isa = PBXBuildFile; fileRef = 536371952927D62500EFDBA0 /* AppDelegate.swift */; };
		536371982927D62500EFDBA0 /* SceneDelegate.swift in Sources */ = {isa = PBXBuildFile; fileRef = 536371972927D62500EFDBA0 /* SceneDelegate.swift */; };
		5363719A2927D62500EFDBA0 /* ViewController.swift in Sources */ = {isa = PBXBuildFile; fileRef = 536371992927D62500EFDBA0 /* ViewController.swift */; };
		5363719D2927D62500EFDBA0 /* Main.storyboard in Resources */ = {isa = PBXBuildFile; fileRef = 5363719B2927D62500EFDBA0 /* Main.storyboard */; };
		536371A22927D62A00EFDBA0 /* Assets.xcassets in Resources */ = {isa = PBXBuildFile; fileRef = 536371A12927D62A00EFDBA0 /* Assets.xcassets */; };
		536371A52927D62A00EFDBA0 /* LaunchScreen.storyboard in Resources */ = {isa = PBXBuildFile; fileRef = 536371A32927D62A00EFDBA0 /* LaunchScreen.storyboard */; };
		8D00EE721A5BD622E05E5D28 /* Pods_NotinoTest.framework in Frameworks */ = {isa = PBXBuildFile; fileRef = 8C54AA5D63409D0AB620C90B /* Pods_NotinoTest.framework */; };
/* End PBXBuildFile section */

/* Begin PBXFileReference section */
		0A822E19AE580E297467F869 /* Pods-NotinoTest.debug.xcconfig */ = {isa = PBXFileReference; includeInIndex = 1; lastKnownFileType = text.xcconfig; name = "Pods-NotinoTest.debug.xcconfig"; path = "Target Support Files/Pods-NotinoTest/Pods-NotinoTest.debug.xcconfig"; sourceTree = "<group>"; };
		5308256F292F92BD0088877A /* SFPRODISPLAYREGULAR.OTF */ = {isa = PBXFileReference; lastKnownFileType = file; path = SFPRODISPLAYREGULAR.OTF; sourceTree = "<group>"; };
		53082570292F92BE0088877A /* SFPRODISPLAYMEDIUM.OTF */ = {isa = PBXFileReference; lastKnownFileType = file; path = SFPRODISPLAYMEDIUM.OTF; sourceTree = "<group>"; };
		53082574292FD5570088877A /* Constants.swift */ = {isa = PBXFileReference; lastKnownFileType = sourcecode.swift; path = Constants.swift; sourceTree = "<group>"; };
		53082576292FD5AF0088877A /* SetProductProtocol.swift */ = {isa = PBXFileReference; lastKnownFileType = sourcecode.swift; path = SetProductProtocol.swift; sourceTree = "<group>"; };
		53082578292FD6100088877A /* Product.swift */ = {isa = PBXFileReference; lastKnownFileType = sourcecode.swift; path = Product.swift; sourceTree = "<group>"; };
		5342A2D4292CE7AD00E8EA10 /* CustomCVCell.swift */ = {isa = PBXFileReference; lastKnownFileType = sourcecode.swift; path = CustomCVCell.swift; sourceTree = "<group>"; };
		536371922927D62500EFDBA0 /* NotinoTest.app */ = {isa = PBXFileReference; explicitFileType = wrapper.application; includeInIndex = 0; path = NotinoTest.app; sourceTree = BUILT_PRODUCTS_DIR; };
		536371952927D62500EFDBA0 /* AppDelegate.swift */ = {isa = PBXFileReference; lastKnownFileType = sourcecode.swift; path = AppDelegate.swift; sourceTree = "<group>"; };
		536371972927D62500EFDBA0 /* SceneDelegate.swift */ = {isa = PBXFileReference; lastKnownFileType = sourcecode.swift; path = SceneDelegate.swift; sourceTree = "<group>"; };
		536371992927D62500EFDBA0 /* ViewController.swift */ = {isa = PBXFileReference; lastKnownFileType = sourcecode.swift; path = ViewController.swift; sourceTree = "<group>"; };
		5363719C2927D62500EFDBA0 /* Base */ = {isa = PBXFileReference; lastKnownFileType = file.storyboard; name = Base; path = Base.lproj/Main.storyboard; sourceTree = "<group>"; };
		536371A12927D62A00EFDBA0 /* Assets.xcassets */ = {isa = PBXFileReference; lastKnownFileType = folder.assetcatalog; path = Assets.xcassets; sourceTree = "<group>"; };
		536371A42927D62A00EFDBA0 /* Base */ = {isa = PBXFileReference; lastKnownFileType = file.storyboard; name = Base; path = Base.lproj/LaunchScreen.storyboard; sourceTree = "<group>"; };
		536371A62927D62A00EFDBA0 /* Info.plist */ = {isa = PBXFileReference; lastKnownFileType = text.plist.xml; path = Info.plist; sourceTree = "<group>"; };
		7637E84217CE3BF6EE7F4D56 /* Pods-NotinoTest.release.xcconfig */ = {isa = PBXFileReference; includeInIndex = 1; lastKnownFileType = text.xcconfig; name = "Pods-NotinoTest.release.xcconfig"; path = "Target Support Files/Pods-NotinoTest/Pods-NotinoTest.release.xcconfig"; sourceTree = "<group>"; };
		8C54AA5D63409D0AB620C90B /* Pods_NotinoTest.framework */ = {isa = PBXFileReference; explicitFileType = wrapper.framework; includeInIndex = 0; path = Pods_NotinoTest.framework; sourceTree = BUILT_PRODUCTS_DIR; };
/* End PBXFileReference section */

/* Begin PBXFrameworksBuildPhase section */
		5363718F2927D62500EFDBA0 /* Frameworks */ = {
			isa = PBXFrameworksBuildPhase;
			buildActionMask = 2147483647;
			files = (
				8D00EE721A5BD622E05E5D28 /* Pods_NotinoTest.framework in Frameworks */,
			);
			runOnlyForDeploymentPostprocessing = 0;
		};
/* End PBXFrameworksBuildPhase section */

/* Begin PBXGroup section */
		5308255B292F8D2D0088877A /* Fonts */ = {
			isa = PBXGroup;
			children = (
				53082570292F92BE0088877A /* SFPRODISPLAYMEDIUM.OTF */,
				5308256F292F92BD0088877A /* SFPRODISPLAYREGULAR.OTF */,
			);
			path = Fonts;
			sourceTree = "<group>";
		};
		53082573292FD4FF0088877A /* Utils */ = {
			isa = PBXGroup;
			children = (
				53082574292FD5570088877A /* Constants.swift */,
				53082576292FD5AF0088877A /* SetProductProtocol.swift */,
			);
			path = Utils;
			sourceTree = "<group>";
		};
		5308257A292FD65E0088877A /* Application */ = {
			isa = PBXGroup;
			children = (
				536371972927D62500EFDBA0 /* SceneDelegate.swift */,
				536371952927D62500EFDBA0 /* AppDelegate.swift */,
			);
			path = Application;
			sourceTree = "<group>";
		};
		5308257B292FD6B10088877A /* Resources */ = {
			isa = PBXGroup;
			children = (
				536371A12927D62A00EFDBA0 /* Assets.xcassets */,
				536371A62927D62A00EFDBA0 /* Info.plist */,
			);
			path = Resources;
			sourceTree = "<group>";
		};
		536371892927D62500EFDBA0 = {
			isa = PBXGroup;
			children = (
				536371942927D62500EFDBA0 /* NotinoTest */,
				536371932927D62500EFDBA0 /* Products */,
				72CF69E7D684A84C4D6B07E1 /* Pods */,
				AFE8A45FA575A718203E2C4E /* Frameworks */,
			);
			sourceTree = "<group>";
		};
		536371932927D62500EFDBA0 /* Products */ = {
			isa = PBXGroup;
			children = (
				536371922927D62500EFDBA0 /* NotinoTest.app */,
			);
			name = Products;
			sourceTree = "<group>";
		};
		536371942927D62500EFDBA0 /* NotinoTest */ = {
			isa = PBXGroup;
			children = (
				5308257B292FD6B10088877A /* Resources */,
				5308257A292FD65E0088877A /* Application */,
				53082573292FD4FF0088877A /* Utils */,
				5308255B292F8D2D0088877A /* Fonts */,
				536371AE2927D69500EFDBA0 /* Controller */,
				536371AD2927D68E00EFDBA0 /* View */,
				536371AC2927D68700EFDBA0 /* Model */,
			);
			path = NotinoTest;
			sourceTree = "<group>";
		};
		536371AC2927D68700EFDBA0 /* Model */ = {
			isa = PBXGroup;
			children = (
				53082578292FD6100088877A /* Product.swift */,
			);
			path = Model;
			sourceTree = "<group>";
		};
		536371AD2927D68E00EFDBA0 /* View */ = {
			isa = PBXGroup;
			children = (
				536371A32927D62A00EFDBA0 /* LaunchScreen.storyboard */,
				5363719B2927D62500EFDBA0 /* Main.storyboard */,
			);
			name = View;
			sourceTree = "<group>";
		};
		536371AE2927D69500EFDBA0 /* Controller */ = {
			isa = PBXGroup;
			children = (
				5342A2D4292CE7AD00E8EA10 /* CustomCVCell.swift */,
				536371992927D62500EFDBA0 /* ViewController.swift */,
			);
			path = Controller;
			sourceTree = "<group>";
		};
		72CF69E7D684A84C4D6B07E1 /* Pods */ = {
			isa = PBXGroup;
			children = (
				0A822E19AE580E297467F869 /* Pods-NotinoTest.debug.xcconfig */,
				7637E84217CE3BF6EE7F4D56 /* Pods-NotinoTest.release.xcconfig */,
			);
			path = Pods;
			sourceTree = "<group>";
		};
		AFE8A45FA575A718203E2C4E /* Frameworks */ = {
			isa = PBXGroup;
			children = (
				8C54AA5D63409D0AB620C90B /* Pods_NotinoTest.framework */,
			);
			name = Frameworks;
			sourceTree = "<group>";
		};
/* End PBXGroup section */

/* Begin PBXNativeTarget section */
		536371912927D62500EFDBA0 /* NotinoTest */ = {
			isa = PBXNativeTarget;
			buildConfigurationList = 536371A92927D62A00EFDBA0 /* Build configuration list for PBXNativeTarget "NotinoTest" */;
			buildPhases = (
				B7A2D7E65C4B873E5298B1DE /* [CP] Check Pods Manifest.lock */,
				5363718E2927D62500EFDBA0 /* Sources */,
				5363718F2927D62500EFDBA0 /* Frameworks */,
				536371902927D62500EFDBA0 /* Resources */,
				29BC293042D858008729AF72 /* [CP] Embed Pods Frameworks */,
			);
			buildRules = (
			);
			dependencies = (
			);
			name = NotinoTest;
			productName = NotinoTest;
			productReference = 536371922927D62500EFDBA0 /* NotinoTest.app */;
			productType = "com.apple.product-type.application";
		};
/* End PBXNativeTarget section */

/* Begin PBXProject section */
		5363718A2927D62500EFDBA0 /* Project object */ = {
			isa = PBXProject;
			attributes = {
				BuildIndependentTargetsInParallel = 1;
				LastSwiftUpdateCheck = 1340;
				LastUpgradeCheck = 1340;
				TargetAttributes = {
					536371912927D62500EFDBA0 = {
						CreatedOnToolsVersion = 13.4.1;
					};
				};
			};
			buildConfigurationList = 5363718D2927D62500EFDBA0 /* Build configuration list for PBXProject "NotinoTest" */;
			compatibilityVersion = "Xcode 13.0";
			developmentRegion = en;
			hasScannedForEncodings = 0;
			knownRegions = (
				en,
				Base,
			);
			mainGroup = 536371892927D62500EFDBA0;
			productRefGroup = 536371932927D62500EFDBA0 /* Products */;
			projectDirPath = "";
			projectRoot = "";
			targets = (
				536371912927D62500EFDBA0 /* NotinoTest */,
			);
		};
/* End PBXProject section */

/* Begin PBXResourcesBuildPhase section */
		536371902927D62500EFDBA0 /* Resources */ = {
			isa = PBXResourcesBuildPhase;
			buildActionMask = 2147483647;
			files = (
				53082572292F92BE0088877A /* SFPRODISPLAYMEDIUM.OTF in Resources */,
				53082571292F92BE0088877A /* SFPRODISPLAYREGULAR.OTF in Resources */,
				536371A52927D62A00EFDBA0 /* LaunchScreen.storyboard in Resources */,
				536371A22927D62A00EFDBA0 /* Assets.xcassets in Resources */,
				5363719D2927D62500EFDBA0 /* Main.storyboard in Resources */,
			);
			runOnlyForDeploymentPostprocessing = 0;
		};
/* End PBXResourcesBuildPhase section */

/* Begin PBXShellScriptBuildPhase section */
		29BC293042D858008729AF72 /* [CP] Embed Pods Frameworks */ = {
			isa = PBXShellScriptBuildPhase;
			buildActionMask = 2147483647;
			files = (
			);
			inputFileListPaths = (
				"${PODS_ROOT}/Target Support Files/Pods-NotinoTest/Pods-NotinoTest-frameworks-${CONFIGURATION}-input-files.xcfilelist",
			);
			name = "[CP] Embed Pods Frameworks";
			outputFileListPaths = (
				"${PODS_ROOT}/Target Support Files/Pods-NotinoTest/Pods-NotinoTest-frameworks-${CONFIGURATION}-output-files.xcfilelist",
			);
			runOnlyForDeploymentPostprocessing = 0;
			shellPath = /bin/sh;
			shellScript = "\"${PODS_ROOT}/Target Support Files/Pods-NotinoTest/Pods-NotinoTest-frameworks.sh\"\n";
			showEnvVarsInLog = 0;
		};
		B7A2D7E65C4B873E5298B1DE /* [CP] Check Pods Manifest.lock */ = {
			isa = PBXShellScriptBuildPhase;
			buildActionMask = 2147483647;
			files = (
			);
			inputFileListPaths = (
			);
			inputPaths = (
				"${PODS_PODFILE_DIR_PATH}/Podfile.lock",
				"${PODS_ROOT}/Manifest.lock",
			);
			name = "[CP] Check Pods Manifest.lock";
			outputFileListPaths = (
			);
			outputPaths = (
				"$(DERIVED_FILE_DIR)/Pods-NotinoTest-checkManifestLockResult.txt",
			);
			runOnlyForDeploymentPostprocessing = 0;
			shellPath = /bin/sh;
			shellScript = "diff \"${PODS_PODFILE_DIR_PATH}/Podfile.lock\" \"${PODS_ROOT}/Manifest.lock\" > /dev/null\nif [ $? != 0 ] ; then\n    # print error to STDERR\n    echo \"error: The sandbox is not in sync with the Podfile.lock. Run 'pod install' or update your CocoaPods installation.\" >&2\n    exit 1\nfi\n# This output is used by Xcode 'outputs' to avoid re-running this script phase.\necho \"SUCCESS\" > \"${SCRIPT_OUTPUT_FILE_0}\"\n";
			showEnvVarsInLog = 0;
		};
/* End PBXShellScriptBuildPhase section */

/* Begin PBXSourcesBuildPhase section */
		5363718E2927D62500EFDBA0 /* Sources */ = {
			isa = PBXSourcesBuildPhase;
			buildActionMask = 2147483647;
			files = (
				5363719A2927D62500EFDBA0 /* ViewController.swift in Sources */,
				536371962927D62500EFDBA0 /* AppDelegate.swift in Sources */,
				5342A2D5292CE7AD00E8EA10 /* CustomCVCell.swift in Sources */,
				536371982927D62500EFDBA0 /* SceneDelegate.swift in Sources */,
				53082575292FD5570088877A /* Constants.swift in Sources */,
				53082577292FD5AF0088877A /* SetProductProtocol.swift in Sources */,
				53082579292FD6100088877A /* Product.swift in Sources */,
			);
			runOnlyForDeploymentPostprocessing = 0;
		};
/* End PBXSourcesBuildPhase section */

/* Begin PBXVariantGroup section */
		5363719B2927D62500EFDBA0 /* Main.storyboard */ = {
			isa = PBXVariantGroup;
			children = (
				5363719C2927D62500EFDBA0 /* Base */,
			);
			name = Main.storyboard;
			sourceTree = "<group>";
		};
		536371A32927D62A00EFDBA0 /* LaunchScreen.storyboard */ = {
			isa = PBXVariantGroup;
			children = (
				536371A42927D62A00EFDBA0 /* Base */,
			);
			name = LaunchScreen.storyboard;
			sourceTree = "<group>";
		};
/* End PBXVariantGroup section */

/* Begin XCBuildConfiguration section */
		536371A72927D62A00EFDBA0 /* Debug */ = {
			isa = XCBuildConfiguration;
			buildSettings = {
				ALWAYS_SEARCH_USER_PATHS = NO;
				CLANG_ANALYZER_NONNULL = YES;
				CLANG_ANALYZER_NUMBER_OBJECT_CONVERSION = YES_AGGRESSIVE;
				CLANG_CXX_LANGUAGE_STANDARD = "gnu++17";
				CLANG_ENABLE_MODULES = YES;
				CLANG_ENABLE_OBJC_ARC = YES;
				CLANG_ENABLE_OBJC_WEAK = YES;
				CLANG_WARN_BLOCK_CAPTURE_AUTORELEASING = YES;
				CLANG_WARN_BOOL_CONVERSION = YES;
				CLANG_WARN_COMMA = YES;
				CLANG_WARN_CONSTANT_CONVERSION = YES;
				CLANG_WARN_DEPRECATED_OBJC_IMPLEMENTATIONS = YES;
				CLANG_WARN_DIRECT_OBJC_ISA_USAGE = YES_ERROR;
				CLANG_WARN_DOCUMENTATION_COMMENTS = YES;
				CLANG_WARN_EMPTY_BODY = YES;
				CLANG_WARN_ENUM_CONVERSION = YES;
				CLANG_WARN_INFINITE_RECURSION = YES;
				CLANG_WARN_INT_CONVERSION = YES;
				CLANG_WARN_NON_LITERAL_NULL_CONVERSION = YES;
				CLANG_WARN_OBJC_IMPLICIT_RETAIN_SELF = YES;
				CLANG_WARN_OBJC_LITERAL_CONVERSION = YES;
				CLANG_WARN_OBJC_ROOT_CLASS = YES_ERROR;
				CLANG_WARN_QUOTED_INCLUDE_IN_FRAMEWORK_HEADER = YES;
				CLANG_WARN_RANGE_LOOP_ANALYSIS = YES;
				CLANG_WARN_STRICT_PROTOTYPES = YES;
				CLANG_WARN_SUSPICIOUS_MOVE = YES;
				CLANG_WARN_UNGUARDED_AVAILABILITY = YES_AGGRESSIVE;
				CLANG_WARN_UNREACHABLE_CODE = YES;
				CLANG_WARN__DUPLICATE_METHOD_MATCH = YES;
				COPY_PHASE_STRIP = NO;
				DEBUG_INFORMATION_FORMAT = dwarf;
				ENABLE_STRICT_OBJC_MSGSEND = YES;
				ENABLE_TESTABILITY = YES;
				GCC_C_LANGUAGE_STANDARD = gnu11;
				GCC_DYNAMIC_NO_PIC = NO;
				GCC_NO_COMMON_BLOCKS = YES;
				GCC_OPTIMIZATION_LEVEL = 0;
				GCC_PREPROCESSOR_DEFINITIONS = (
					"DEBUG=1",
					"$(inherited)",
				);
				GCC_WARN_64_TO_32_BIT_CONVERSION = YES;
				GCC_WARN_ABOUT_RETURN_TYPE = YES_ERROR;
				GCC_WARN_UNDECLARED_SELECTOR = YES;
				GCC_WARN_UNINITIALIZED_AUTOS = YES_AGGRESSIVE;
				GCC_WARN_UNUSED_FUNCTION = YES;
				GCC_WARN_UNUSED_VARIABLE = YES;
				IPHONEOS_DEPLOYMENT_TARGET = 15.5;
				MTL_ENABLE_DEBUG_INFO = INCLUDE_SOURCE;
				MTL_FAST_MATH = YES;
				ONLY_ACTIVE_ARCH = YES;
				SDKROOT = iphoneos;
				SWIFT_ACTIVE_COMPILATION_CONDITIONS = DEBUG;
				SWIFT_OPTIMIZATION_LEVEL = "-Onone";
			};
			name = Debug;
		};
		536371A82927D62A00EFDBA0 /* Release */ = {
			isa = XCBuildConfiguration;
			buildSettings = {
				ALWAYS_SEARCH_USER_PATHS = NO;
				CLANG_ANALYZER_NONNULL = YES;
				CLANG_ANALYZER_NUMBER_OBJECT_CONVERSION = YES_AGGRESSIVE;
				CLANG_CXX_LANGUAGE_STANDARD = "gnu++17";
				CLANG_ENABLE_MODULES = YES;
				CLANG_ENABLE_OBJC_ARC = YES;
				CLANG_ENABLE_OBJC_WEAK = YES;
				CLANG_WARN_BLOCK_CAPTURE_AUTORELEASING = YES;
				CLANG_WARN_BOOL_CONVERSION = YES;
				CLANG_WARN_COMMA = YES;
				CLANG_WARN_CONSTANT_CONVERSION = YES;
				CLANG_WARN_DEPRECATED_OBJC_IMPLEMENTATIONS = YES;
				CLANG_WARN_DIRECT_OBJC_ISA_USAGE = YES_ERROR;
				CLANG_WARN_DOCUMENTATION_COMMENTS = YES;
				CLANG_WARN_EMPTY_BODY = YES;
				CLANG_WARN_ENUM_CONVERSION = YES;
				CLANG_WARN_INFINITE_RECURSION = YES;
				CLANG_WARN_INT_CONVERSION = YES;
				CLANG_WARN_NON_LITERAL_NULL_CONVERSION = YES;
				CLANG_WARN_OBJC_IMPLICIT_RETAIN_SELF = YES;
				CLANG_WARN_OBJC_LITERAL_CONVERSION = YES;
				CLANG_WARN_OBJC_ROOT_CLASS = YES_ERROR;
				CLANG_WARN_QUOTED_INCLUDE_IN_FRAMEWORK_HEADER = YES;
				CLANG_WARN_RANGE_LOOP_ANALYSIS = YES;
				CLANG_WARN_STRICT_PROTOTYPES = YES;
				CLANG_WARN_SUSPICIOUS_MOVE = YES;
				CLANG_WARN_UNGUARDED_AVAILABILITY = YES_AGGRESSIVE;
				CLANG_WARN_UNREACHABLE_CODE = YES;
				CLANG_WARN__DUPLICATE_METHOD_MATCH = YES;
				COPY_PHASE_STRIP = NO;
				DEBUG_INFORMATION_FORMAT = "dwarf-with-dsym";
				ENABLE_NS_ASSERTIONS = NO;
				ENABLE_STRICT_OBJC_MSGSEND = YES;
				GCC_C_LANGUAGE_STANDARD = gnu11;
				GCC_NO_COMMON_BLOCKS = YES;
				GCC_WARN_64_TO_32_BIT_CONVERSION = YES;
				GCC_WARN_ABOUT_RETURN_TYPE = YES_ERROR;
				GCC_WARN_UNDECLARED_SELECTOR = YES;
				GCC_WARN_UNINITIALIZED_AUTOS = YES_AGGRESSIVE;
				GCC_WARN_UNUSED_FUNCTION = YES;
				GCC_WARN_UNUSED_VARIABLE = YES;
				IPHONEOS_DEPLOYMENT_TARGET = 15.5;
				MTL_ENABLE_DEBUG_INFO = NO;
				MTL_FAST_MATH = YES;
				SDKROOT = iphoneos;
				SWIFT_COMPILATION_MODE = wholemodule;
				SWIFT_OPTIMIZATION_LEVEL = "-O";
				VALIDATE_PRODUCT = YES;
			};
			name = Release;
		};
		536371AA2927D62A00EFDBA0 /* Debug */ = {
			isa = XCBuildConfiguration;
			baseConfigurationReference = 0A822E19AE580E297467F869 /* Pods-NotinoTest.debug.xcconfig */;
			buildSettings = {
				ASSETCATALOG_COMPILER_APPICON_NAME = AppIcon;
				ASSETCATALOG_COMPILER_GLOBAL_ACCENT_COLOR_NAME = AccentColor;
				CODE_SIGN_STYLE = Automatic;
				CURRENT_PROJECT_VERSION = 1;
				GENERATE_INFOPLIST_FILE = YES;
				INFOPLIST_FILE = NotinoTest/Info.plist;
				INFOPLIST_KEY_UIApplicationSupportsIndirectInputEvents = YES;
				INFOPLIST_KEY_UILaunchStoryboardName = LaunchScreen;
				INFOPLIST_KEY_UIMainStoryboardFile = Main;
				INFOPLIST_KEY_UISupportedInterfaceOrientations_iPad = "UIInterfaceOrientationPortrait UIInterfaceOrientationPortraitUpsideDown UIInterfaceOrientationLandscapeLeft UIInterfaceOrientationLandscapeRight";
				INFOPLIST_KEY_UISupportedInterfaceOrientations_iPhone = "UIInterfaceOrientationPortrait UIInterfaceOrientationLandscapeLeft UIInterfaceOrientationLandscapeRight";
				LD_RUNPATH_SEARCH_PATHS = (
					"$(inherited)",
					"@executable_path/Frameworks",
				);
				MARKETING_VERSION = 1.0;
				PRODUCT_BUNDLE_IDENTIFIER = com.metait.Ermolenko.NotinoTest;
				PRODUCT_NAME = "$(TARGET_NAME)";
				SWIFT_EMIT_LOC_STRINGS = YES;
				SWIFT_VERSION = 5.0;
				TARGETED_DEVICE_FAMILY = "1,2";
			};
			name = Debug;
		};
		536371AB2927D62A00EFDBA0 /* Release */ = {
			isa = XCBuildConfiguration;
			baseConfigurationReference = 7637E84217CE3BF6EE7F4D56 /* Pods-NotinoTest.release.xcconfig */;
			buildSettings = {
				ASSETCATALOG_COMPILER_APPICON_NAME = AppIcon;
				ASSETCATALOG_COMPILER_GLOBAL_ACCENT_COLOR_NAME = AccentColor;
				CODE_SIGN_STYLE = Automatic;
				CURRENT_PROJECT_VERSION = 1;
				GENERATE_INFOPLIST_FILE = YES;
				INFOPLIST_FILE = NotinoTest/Info.plist;
				INFOPLIST_KEY_UIApplicationSupportsIndirectInputEvents = YES;
				INFOPLIST_KEY_UILaunchStoryboardName = LaunchScreen;
				INFOPLIST_KEY_UIMainStoryboardFile = Main;
				INFOPLIST_KEY_UISupportedInterfaceOrientations_iPad = "UIInterfaceOrientationPortrait UIInterfaceOrientationPortraitUpsideDown UIInterfaceOrientationLandscapeLeft UIInterfaceOrientationLandscapeRight";
				INFOPLIST_KEY_UISupportedInterfaceOrientations_iPhone = "UIInterfaceOrientationPortrait UIInterfaceOrientationLandscapeLeft UIInterfaceOrientationLandscapeRight";
				LD_RUNPATH_SEARCH_PATHS = (
					"$(inherited)",
					"@executable_path/Frameworks",
				);
				MARKETING_VERSION = 1.0;
				PRODUCT_BUNDLE_IDENTIFIER = com.metait.Ermolenko.NotinoTest;
				PRODUCT_NAME = "$(TARGET_NAME)";
				SWIFT_EMIT_LOC_STRINGS = YES;
				SWIFT_VERSION = 5.0;
				TARGETED_DEVICE_FAMILY = "1,2";
			};
			name = Release;
		};
/* End XCBuildConfiguration section */

/* Begin XCConfigurationList section */
		5363718D2927D62500EFDBA0 /* Build configuration list for PBXProject "NotinoTest" */ = {
			isa = XCConfigurationList;
			buildConfigurations = (
				536371A72927D62A00EFDBA0 /* Debug */,
				536371A82927D62A00EFDBA0 /* Release */,
			);
			defaultConfigurationIsVisible = 0;
			defaultConfigurationName = Release;
		};
		536371A92927D62A00EFDBA0 /* Build configuration list for PBXNativeTarget "NotinoTest" */ = {
			isa = XCConfigurationList;
			buildConfigurations = (
				536371AA2927D62A00EFDBA0 /* Debug */,
				536371AB2927D62A00EFDBA0 /* Release */,
			);
			defaultConfigurationIsVisible = 0;
			defaultConfigurationName = Release;
		};
/* End XCConfigurationList section */
	};
	rootObject = 5363718A2927D62500EFDBA0 /* Project object */;
}
